// !$*UTF8*$!
{
	archiveVersion = 1;
	classes = {
	};
	objectVersion = 46;
	objects = {

/* Begin PBXBuildFile section */
		CE5F9D751B8D9572001967E4 /* logo.png in Resources */ = {isa = PBXBuildFile; fileRef = CE5F9D741B8D9572001967E4 /* logo.png */; };
		CE5F9D771B8DA207001967E4 /* SignUpViewController.swift in Sources */ = {isa = PBXBuildFile; fileRef = CE5F9D761B8DA207001967E4 /* SignUpViewController.swift */; };
		CE5F9D791B8DA5FD001967E4 /* SignInViewController.swift in Sources */ = {isa = PBXBuildFile; fileRef = CE5F9D781B8DA5FD001967E4 /* SignInViewController.swift */; };
		CED76C0B1B8AD1D7005ECCB4 /* TableViewController.swift in Sources */ = {isa = PBXBuildFile; fileRef = CED76C0A1B8AD1D7005ECCB4 /* TableViewController.swift */; };
		CED76C0D1B8AD217005ECCB4 /* DetailViewController.swift in Sources */ = {isa = PBXBuildFile; fileRef = CED76C0C1B8AD217005ECCB4 /* DetailViewController.swift */; };
		CEF8F07C1B8A28A800259177 /* AppDelegate.swift in Sources */ = {isa = PBXBuildFile; fileRef = CEF8F07B1B8A28A800259177 /* AppDelegate.swift */; };
		CEF8F0811B8A28A800259177 /* Main.storyboard in Resources */ = {isa = PBXBuildFile; fileRef = CEF8F07F1B8A28A800259177 /* Main.storyboard */; };
		CEF8F0831B8A28A800259177 /* Images.xcassets in Resources */ = {isa = PBXBuildFile; fileRef = CEF8F0821B8A28A800259177 /* Images.xcassets */; };
		CEF8F0861B8A28A800259177 /* LaunchScreen.xib in Resources */ = {isa = PBXBuildFile; fileRef = CEF8F0841B8A28A800259177 /* LaunchScreen.xib */; };
		CEF8F0921B8A28A800259177 /* ParseSample01Tests.swift in Sources */ = {isa = PBXBuildFile; fileRef = CEF8F0911B8A28A800259177 /* ParseSample01Tests.swift */; };
		CEF8F0A21B8A29F300259177 /* Bolts.framework in Frameworks */ = {isa = PBXBuildFile; fileRef = CEF8F09B1B8A29F300259177 /* Bolts.framework */; };
		CEF8F0A31B8A29F300259177 /* Parse.framework in Frameworks */ = {isa = PBXBuildFile; fileRef = CEF8F09C1B8A29F300259177 /* Parse.framework */; };
		CEF8F0A41B8A29F300259177 /* ParseCrashReporting.framework in Frameworks */ = {isa = PBXBuildFile; fileRef = CEF8F09D1B8A29F300259177 /* ParseCrashReporting.framework */; };
		CEF8F0A51B8A29F300259177 /* ParseFacebookUtils.framework in Frameworks */ = {isa = PBXBuildFile; fileRef = CEF8F09E1B8A29F300259177 /* ParseFacebookUtils.framework */; };
		CEF8F0A61B8A29F300259177 /* ParseFacebookUtilsV4.framework in Frameworks */ = {isa = PBXBuildFile; fileRef = CEF8F09F1B8A29F300259177 /* ParseFacebookUtilsV4.framework */; };
		CEF8F0A71B8A29F300259177 /* ParseTwitterUtils.framework in Frameworks */ = {isa = PBXBuildFile; fileRef = CEF8F0A01B8A29F300259177 /* ParseTwitterUtils.framework */; };
		CEF8F0A81B8A29F300259177 /* ParseUI.framework in Frameworks */ = {isa = PBXBuildFile; fileRef = CEF8F0A11B8A29F300259177 /* ParseUI.framework */; };
		CEF8F0AB1B8A2CC600259177 /* AudioToolbox.framework in Frameworks */ = {isa = PBXBuildFile; fileRef = CEF8F0AA1B8A2CC600259177 /* AudioToolbox.framework */; };
		CEF8F0AD1B8A2CD700259177 /* CFNetwork.framework in Frameworks */ = {isa = PBXBuildFile; fileRef = CEF8F0AC1B8A2CD700259177 /* CFNetwork.framework */; };
		CEF8F0AF1B8A2CE200259177 /* CoreGraphics.framework in Frameworks */ = {isa = PBXBuildFile; fileRef = CEF8F0AE1B8A2CE200259177 /* CoreGraphics.framework */; };
		CEF8F0B11B8A2CEC00259177 /* CoreLocation.framework in Frameworks */ = {isa = PBXBuildFile; fileRef = CEF8F0B01B8A2CEC00259177 /* CoreLocation.framework */; };
		CEF8F0B31B8A2CF700259177 /* MobileCoreServices.framework in Frameworks */ = {isa = PBXBuildFile; fileRef = CEF8F0B21B8A2CF700259177 /* MobileCoreServices.framework */; };
		CEF8F0B51B8A2D0100259177 /* QuartzCore.framework in Frameworks */ = {isa = PBXBuildFile; fileRef = CEF8F0B41B8A2D0100259177 /* QuartzCore.framework */; };
		CEF8F0B71B8A2D0800259177 /* Security.framework in Frameworks */ = {isa = PBXBuildFile; fileRef = CEF8F0B61B8A2D0800259177 /* Security.framework */; };
		CEF8F0B91B8A2D1100259177 /* StoreKit.framework in Frameworks */ = {isa = PBXBuildFile; fileRef = CEF8F0B81B8A2D1100259177 /* StoreKit.framework */; };
		CEF8F0BB1B8A2D1A00259177 /* SystemConfiguration.framework in Frameworks */ = {isa = PBXBuildFile; fileRef = CEF8F0BA1B8A2D1A00259177 /* SystemConfiguration.framework */; };
		CEF8F0BD1B8A2D2400259177 /* libz.dylib in Frameworks */ = {isa = PBXBuildFile; fileRef = CEF8F0BC1B8A2D2400259177 /* libz.dylib */; };
		CEF8F0BF1B8A2D2B00259177 /* libsqlite3.dylib in Frameworks */ = {isa = PBXBuildFile; fileRef = CEF8F0BE1B8A2D2B00259177 /* libsqlite3.dylib */; };
		CEFFC6A71B8EE99F000F8690 /* TopViewController.swift in Sources */ = {isa = PBXBuildFile; fileRef = CEFFC6A61B8EE99F000F8690 /* TopViewController.swift */; };
/* End PBXBuildFile section */

/* Begin PBXContainerItemProxy section */
		CEF8F08C1B8A28A800259177 /* PBXContainerItemProxy */ = {
			isa = PBXContainerItemProxy;
			containerPortal = CEF8F06E1B8A28A700259177 /* Project object */;
			proxyType = 1;
			remoteGlobalIDString = CEF8F0751B8A28A700259177;
			remoteInfo = ParseSample01;
		};
/* End PBXContainerItemProxy section */

/* Begin PBXFileReference section */
		CE5F9D741B8D9572001967E4 /* logo.png */ = {isa = PBXFileReference; lastKnownFileType = image.png; path = logo.png; sourceTree = "<group>"; };
		CE5F9D761B8DA207001967E4 /* SignUpViewController.swift */ = {isa = PBXFileReference; fileEncoding = 4; lastKnownFileType = sourcecode.swift; path = SignUpViewController.swift; sourceTree = "<group>"; };
		CE5F9D781B8DA5FD001967E4 /* SignInViewController.swift */ = {isa = PBXFileReference; fileEncoding = 4; lastKnownFileType = sourcecode.swift; path = SignInViewController.swift; sourceTree = "<group>"; };
		CED76C0A1B8AD1D7005ECCB4 /* TableViewController.swift */ = {isa = PBXFileReference; fileEncoding = 4; lastKnownFileType = sourcecode.swift; path = TableViewController.swift; sourceTree = "<group>"; };
		CED76C0C1B8AD217005ECCB4 /* DetailViewController.swift */ = {isa = PBXFileReference; fileEncoding = 4; lastKnownFileType = sourcecode.swift; path = DetailViewController.swift; sourceTree = "<group>"; };
		CEF8F0761B8A28A800259177 /* ParseSample01.app */ = {isa = PBXFileReference; explicitFileType = wrapper.application; includeInIndex = 0; path = ParseSample01.app; sourceTree = BUILT_PRODUCTS_DIR; };
		CEF8F07A1B8A28A800259177 /* Info.plist */ = {isa = PBXFileReference; lastKnownFileType = text.plist.xml; path = Info.plist; sourceTree = "<group>"; };
		CEF8F07B1B8A28A800259177 /* AppDelegate.swift */ = {isa = PBXFileReference; lastKnownFileType = sourcecode.swift; path = AppDelegate.swift; sourceTree = "<group>"; };
		CEF8F0801B8A28A800259177 /* Base */ = {isa = PBXFileReference; lastKnownFileType = file.storyboard; name = Base; path = Base.lproj/Main.storyboard; sourceTree = "<group>"; };
		CEF8F0821B8A28A800259177 /* Images.xcassets */ = {isa = PBXFileReference; lastKnownFileType = folder.assetcatalog; path = Images.xcassets; sourceTree = "<group>"; };
		CEF8F0851B8A28A800259177 /* Base */ = {isa = PBXFileReference; lastKnownFileType = file.xib; name = Base; path = Base.lproj/LaunchScreen.xib; sourceTree = "<group>"; };
		CEF8F08B1B8A28A800259177 /* ParseSample01Tests.xctest */ = {isa = PBXFileReference; explicitFileType = wrapper.cfbundle; includeInIndex = 0; path = ParseSample01Tests.xctest; sourceTree = BUILT_PRODUCTS_DIR; };
		CEF8F0901B8A28A800259177 /* Info.plist */ = {isa = PBXFileReference; lastKnownFileType = text.plist.xml; path = Info.plist; sourceTree = "<group>"; };
		CEF8F0911B8A28A800259177 /* ParseSample01Tests.swift */ = {isa = PBXFileReference; lastKnownFileType = sourcecode.swift; path = ParseSample01Tests.swift; sourceTree = "<group>"; };
		CEF8F09B1B8A29F300259177 /* Bolts.framework */ = {isa = PBXFileReference; lastKnownFileType = wrapper.framework; path = Bolts.framework; sourceTree = "<group>"; };
		CEF8F09C1B8A29F300259177 /* Parse.framework */ = {isa = PBXFileReference; lastKnownFileType = wrapper.framework; path = Parse.framework; sourceTree = "<group>"; };
		CEF8F09D1B8A29F300259177 /* ParseCrashReporting.framework */ = {isa = PBXFileReference; lastKnownFileType = wrapper.framework; path = ParseCrashReporting.framework; sourceTree = "<group>"; };
		CEF8F09E1B8A29F300259177 /* ParseFacebookUtils.framework */ = {isa = PBXFileReference; lastKnownFileType = wrapper.framework; path = ParseFacebookUtils.framework; sourceTree = "<group>"; };
		CEF8F09F1B8A29F300259177 /* ParseFacebookUtilsV4.framework */ = {isa = PBXFileReference; lastKnownFileType = wrapper.framework; path = ParseFacebookUtilsV4.framework; sourceTree = "<group>"; };
		CEF8F0A01B8A29F300259177 /* ParseTwitterUtils.framework */ = {isa = PBXFileReference; lastKnownFileType = wrapper.framework; path = ParseTwitterUtils.framework; sourceTree = "<group>"; };
		CEF8F0A11B8A29F300259177 /* ParseUI.framework */ = {isa = PBXFileReference; lastKnownFileType = wrapper.framework; path = ParseUI.framework; sourceTree = "<group>"; };
		CEF8F0AA1B8A2CC600259177 /* AudioToolbox.framework */ = {isa = PBXFileReference; lastKnownFileType = wrapper.framework; name = AudioToolbox.framework; path = System/Library/Frameworks/AudioToolbox.framework; sourceTree = SDKROOT; };
		CEF8F0AC1B8A2CD700259177 /* CFNetwork.framework */ = {isa = PBXFileReference; lastKnownFileType = wrapper.framework; name = CFNetwork.framework; path = System/Library/Frameworks/CFNetwork.framework; sourceTree = SDKROOT; };
		CEF8F0AE1B8A2CE200259177 /* CoreGraphics.framework */ = {isa = PBXFileReference; lastKnownFileType = wrapper.framework; name = CoreGraphics.framework; path = System/Library/Frameworks/CoreGraphics.framework; sourceTree = SDKROOT; };
		CEF8F0B01B8A2CEC00259177 /* CoreLocation.framework */ = {isa = PBXFileReference; lastKnownFileType = wrapper.framework; name = CoreLocation.framework; path = System/Library/Frameworks/CoreLocation.framework; sourceTree = SDKROOT; };
		CEF8F0B21B8A2CF700259177 /* MobileCoreServices.framework */ = {isa = PBXFileReference; lastKnownFileType = wrapper.framework; name = MobileCoreServices.framework; path = System/Library/Frameworks/MobileCoreServices.framework; sourceTree = SDKROOT; };
		CEF8F0B41B8A2D0100259177 /* QuartzCore.framework */ = {isa = PBXFileReference; lastKnownFileType = wrapper.framework; name = QuartzCore.framework; path = System/Library/Frameworks/QuartzCore.framework; sourceTree = SDKROOT; };
		CEF8F0B61B8A2D0800259177 /* Security.framework */ = {isa = PBXFileReference; lastKnownFileType = wrapper.framework; name = Security.framework; path = System/Library/Frameworks/Security.framework; sourceTree = SDKROOT; };
		CEF8F0B81B8A2D1100259177 /* StoreKit.framework */ = {isa = PBXFileReference; lastKnownFileType = wrapper.framework; name = StoreKit.framework; path = System/Library/Frameworks/StoreKit.framework; sourceTree = SDKROOT; };
		CEF8F0BA1B8A2D1A00259177 /* SystemConfiguration.framework */ = {isa = PBXFileReference; lastKnownFileType = wrapper.framework; name = SystemConfiguration.framework; path = System/Library/Frameworks/SystemConfiguration.framework; sourceTree = SDKROOT; };
		CEF8F0BC1B8A2D2400259177 /* libz.dylib */ = {isa = PBXFileReference; lastKnownFileType = "compiled.mach-o.dylib"; name = libz.dylib; path = usr/lib/libz.dylib; sourceTree = SDKROOT; };
		CEF8F0BE1B8A2D2B00259177 /* libsqlite3.dylib */ = {isa = PBXFileReference; lastKnownFileType = "compiled.mach-o.dylib"; name = libsqlite3.dylib; path = usr/lib/libsqlite3.dylib; sourceTree = SDKROOT; };
		CEFFC6A61B8EE99F000F8690 /* TopViewController.swift */ = {isa = PBXFileReference; fileEncoding = 4; lastKnownFileType = sourcecode.swift; path = TopViewController.swift; sourceTree = "<group>"; };
/* End PBXFileReference section */

/* Begin PBXFrameworksBuildPhase section */
		CEF8F0731B8A28A700259177 /* Frameworks */ = {
			isa = PBXFrameworksBuildPhase;
			buildActionMask = 2147483647;
			files = (
				CEF8F0BF1B8A2D2B00259177 /* libsqlite3.dylib in Frameworks */,
				CEF8F0BD1B8A2D2400259177 /* libz.dylib in Frameworks */,
				CEF8F0BB1B8A2D1A00259177 /* SystemConfiguration.framework in Frameworks */,
				CEF8F0B91B8A2D1100259177 /* StoreKit.framework in Frameworks */,
				CEF8F0B71B8A2D0800259177 /* Security.framework in Frameworks */,
				CEF8F0B51B8A2D0100259177 /* QuartzCore.framework in Frameworks */,
				CEF8F0B31B8A2CF700259177 /* MobileCoreServices.framework in Frameworks */,
				CEF8F0B11B8A2CEC00259177 /* CoreLocation.framework in Frameworks */,
				CEF8F0AF1B8A2CE200259177 /* CoreGraphics.framework in Frameworks */,
				CEF8F0AD1B8A2CD700259177 /* CFNetwork.framework in Frameworks */,
				CEF8F0AB1B8A2CC600259177 /* AudioToolbox.framework in Frameworks */,
				CEF8F0A31B8A29F300259177 /* Parse.framework in Frameworks */,
				CEF8F0A41B8A29F300259177 /* ParseCrashReporting.framework in Frameworks */,
				CEF8F0A81B8A29F300259177 /* ParseUI.framework in Frameworks */,
				CEF8F0A51B8A29F300259177 /* ParseFacebookUtils.framework in Frameworks */,
				CEF8F0A21B8A29F300259177 /* Bolts.framework in Frameworks */,
				CEF8F0A71B8A29F300259177 /* ParseTwitterUtils.framework in Frameworks */,
				CEF8F0A61B8A29F300259177 /* ParseFacebookUtilsV4.framework in Frameworks */,
			);
			runOnlyForDeploymentPostprocessing = 0;
		};
		CEF8F0881B8A28A800259177 /* Frameworks */ = {
			isa = PBXFrameworksBuildPhase;
			buildActionMask = 2147483647;
			files = (
			);
			runOnlyForDeploymentPostprocessing = 0;
		};
/* End PBXFrameworksBuildPhase section */

/* Begin PBXGroup section */
		CEF8F06D1B8A28A700259177 = {
			isa = PBXGroup;
			children = (
				CEF8F0A91B8A29FE00259177 /* Frameworks */,
				CEF8F0781B8A28A800259177 /* ParseSample01 */,
				CEF8F08E1B8A28A800259177 /* ParseSample01Tests */,
				CEF8F0771B8A28A800259177 /* Products */,
			);
			sourceTree = "<group>";
		};
		CEF8F0771B8A28A800259177 /* Products */ = {
			isa = PBXGroup;
			children = (
				CEF8F0761B8A28A800259177 /* ParseSample01.app */,
				CEF8F08B1B8A28A800259177 /* ParseSample01Tests.xctest */,
			);
			name = Products;
			sourceTree = "<group>";
		};
		CEF8F0781B8A28A800259177 /* ParseSample01 */ = {
			isa = PBXGroup;
			children = (
				CEF8F07B1B8A28A800259177 /* AppDelegate.swift */,
				CEFFC6A61B8EE99F000F8690 /* TopViewController.swift */,
				CE5F9D761B8DA207001967E4 /* SignUpViewController.swift */,
				CE5F9D781B8DA5FD001967E4 /* SignInViewController.swift */,
				CED76C0A1B8AD1D7005ECCB4 /* TableViewController.swift */,
				CED76C0C1B8AD217005ECCB4 /* DetailViewController.swift */,
				CEF8F07F1B8A28A800259177 /* Main.storyboard */,
				CEF8F0821B8A28A800259177 /* Images.xcassets */,
				CEF8F0841B8A28A800259177 /* LaunchScreen.xib */,
				CEF8F0791B8A28A800259177 /* Supporting Files */,
			);
			path = ParseSample01;
			sourceTree = "<group>";
		};
		CEF8F0791B8A28A800259177 /* Supporting Files */ = {
			isa = PBXGroup;
			children = (
				CE5F9D741B8D9572001967E4 /* logo.png */,
				CEF8F07A1B8A28A800259177 /* Info.plist */,
			);
			name = "Supporting Files";
			sourceTree = "<group>";
		};
		CEF8F08E1B8A28A800259177 /* ParseSample01Tests */ = {
			isa = PBXGroup;
			children = (
				CEF8F0911B8A28A800259177 /* ParseSample01Tests.swift */,
				CEF8F08F1B8A28A800259177 /* Supporting Files */,
			);
			path = ParseSample01Tests;
			sourceTree = "<group>";
		};
		CEF8F08F1B8A28A800259177 /* Supporting Files */ = {
			isa = PBXGroup;
			children = (
				CEF8F0901B8A28A800259177 /* Info.plist */,
			);
			name = "Supporting Files";
			sourceTree = "<group>";
		};
		CEF8F0A91B8A29FE00259177 /* Frameworks */ = {
			isa = PBXGroup;
			children = (
				CEF8F0BE1B8A2D2B00259177 /* libsqlite3.dylib */,
				CEF8F0BC1B8A2D2400259177 /* libz.dylib */,
				CEF8F0BA1B8A2D1A00259177 /* SystemConfiguration.framework */,
				CEF8F0B81B8A2D1100259177 /* StoreKit.framework */,
				CEF8F0B61B8A2D0800259177 /* Security.framework */,
				CEF8F0B41B8A2D0100259177 /* QuartzCore.framework */,
				CEF8F0B21B8A2CF700259177 /* MobileCoreServices.framework */,
				CEF8F0B01B8A2CEC00259177 /* CoreLocation.framework */,
				CEF8F0AE1B8A2CE200259177 /* CoreGraphics.framework */,
				CEF8F0AC1B8A2CD700259177 /* CFNetwork.framework */,
				CEF8F0AA1B8A2CC600259177 /* AudioToolbox.framework */,
				CEF8F09B1B8A29F300259177 /* Bolts.framework */,
				CEF8F09C1B8A29F300259177 /* Parse.framework */,
				CEF8F09D1B8A29F300259177 /* ParseCrashReporting.framework */,
				CEF8F09E1B8A29F300259177 /* ParseFacebookUtils.framework */,
				CEF8F09F1B8A29F300259177 /* ParseFacebookUtilsV4.framework */,
				CEF8F0A01B8A29F300259177 /* ParseTwitterUtils.framework */,
				CEF8F0A11B8A29F300259177 /* ParseUI.framework */,
			);
			name = Frameworks;
			sourceTree = "<group>";
		};
/* End PBXGroup section */

/* Begin PBXNativeTarget section */
		CEF8F0751B8A28A700259177 /* ParseSample01 */ = {
			isa = PBXNativeTarget;
			buildConfigurationList = CEF8F0951B8A28A800259177 /* Build configuration list for PBXNativeTarget "ParseSample01" */;
			buildPhases = (
				CEF8F0721B8A28A700259177 /* Sources */,
				CEF8F0731B8A28A700259177 /* Frameworks */,
				CEF8F0741B8A28A700259177 /* Resources */,
			);
			buildRules = (
			);
			dependencies = (
			);
			name = ParseSample01;
			productName = ParseSample01;
			productReference = CEF8F0761B8A28A800259177 /* ParseSample01.app */;
			productType = "com.apple.product-type.application";
		};
		CEF8F08A1B8A28A800259177 /* ParseSample01Tests */ = {
			isa = PBXNativeTarget;
			buildConfigurationList = CEF8F0981B8A28A800259177 /* Build configuration list for PBXNativeTarget "ParseSample01Tests" */;
			buildPhases = (
				CEF8F0871B8A28A800259177 /* Sources */,
				CEF8F0881B8A28A800259177 /* Frameworks */,
				CEF8F0891B8A28A800259177 /* Resources */,
			);
			buildRules = (
			);
			dependencies = (
				CEF8F08D1B8A28A800259177 /* PBXTargetDependency */,
			);
			name = ParseSample01Tests;
			productName = ParseSample01Tests;
			productReference = CEF8F08B1B8A28A800259177 /* ParseSample01Tests.xctest */;
			productType = "com.apple.product-type.bundle.unit-test";
		};
/* End PBXNativeTarget section */

/* Begin PBXProject section */
		CEF8F06E1B8A28A700259177 /* Project object */ = {
			isa = PBXProject;
			attributes = {
				LastUpgradeCheck = 0640;
				ORGANIZATIONNAME = "FranLiber Inc.";
				TargetAttributes = {
					CEF8F0751B8A28A700259177 = {
						CreatedOnToolsVersion = 6.4;
					};
					CEF8F08A1B8A28A800259177 = {
						CreatedOnToolsVersion = 6.4;
						TestTargetID = CEF8F0751B8A28A700259177;
					};
				};
			};
			buildConfigurationList = CEF8F0711B8A28A700259177 /* Build configuration list for PBXProject "ParseSample01" */;
			compatibilityVersion = "Xcode 3.2";
			developmentRegion = English;
			hasScannedForEncodings = 0;
			knownRegions = (
				en,
				Base,
			);
			mainGroup = CEF8F06D1B8A28A700259177;
			productRefGroup = CEF8F0771B8A28A800259177 /* Products */;
			projectDirPath = "";
			projectRoot = "";
			targets = (
				CEF8F0751B8A28A700259177 /* ParseSample01 */,
				CEF8F08A1B8A28A800259177 /* ParseSample01Tests */,
			);
		};
/* End PBXProject section */

/* Begin PBXResourcesBuildPhase section */
		CEF8F0741B8A28A700259177 /* Resources */ = {
			isa = PBXResourcesBuildPhase;
			buildActionMask = 2147483647;
			files = (
				CE5F9D751B8D9572001967E4 /* logo.png in Resources */,
				CEF8F0811B8A28A800259177 /* Main.storyboard in Resources */,
				CEF8F0861B8A28A800259177 /* LaunchScreen.xib in Resources */,
				CEF8F0831B8A28A800259177 /* Images.xcassets in Resources */,
			);
			runOnlyForDeploymentPostprocessing = 0;
		};
		CEF8F0891B8A28A800259177 /* Resources */ = {
			isa = PBXResourcesBuildPhase;
			buildActionMask = 2147483647;
			files = (
			);
			runOnlyForDeploymentPostprocessing = 0;
		};
/* End PBXResourcesBuildPhase section */

/* Begin PBXSourcesBuildPhase section */
		CEF8F0721B8A28A700259177 /* Sources */ = {
			isa = PBXSourcesBuildPhase;
			buildActionMask = 2147483647;
			files = (
				CEFFC6A71B8EE99F000F8690 /* TopViewController.swift in Sources */,
				CED76C0B1B8AD1D7005ECCB4 /* TableViewController.swift in Sources */,
				CEF8F07C1B8A28A800259177 /* AppDelegate.swift in Sources */,
				CE5F9D771B8DA207001967E4 /* SignUpViewController.swift in Sources */,
				CE5F9D791B8DA5FD001967E4 /* SignInViewController.swift in Sources */,
				CED76C0D1B8AD217005ECCB4 /* DetailViewController.swift in Sources */,
			);
			runOnlyForDeploymentPostprocessing = 0;
		};
		CEF8F0871B8A28A800259177 /* Sources */ = {
			isa = PBXSourcesBuildPhase;
			buildActionMask = 2147483647;
			files = (
				CEF8F0921B8A28A800259177 /* ParseSample01Tests.swift in Sources */,
			);
			runOnlyForDeploymentPostprocessing = 0;
		};
/* End PBXSourcesBuildPhase section */

/* Begin PBXTargetDependency section */
		CEF8F08D1B8A28A800259177 /* PBXTargetDependency */ = {
			isa = PBXTargetDependency;
			target = CEF8F0751B8A28A700259177 /* ParseSample01 */;
			targetProxy = CEF8F08C1B8A28A800259177 /* PBXContainerItemProxy */;
		};
/* End PBXTargetDependency section */

/* Begin PBXVariantGroup section */
		CEF8F07F1B8A28A800259177 /* Main.storyboard */ = {
			isa = PBXVariantGroup;
			children = (
				CEF8F0801B8A28A800259177 /* Base */,
			);
			name = Main.storyboard;
			sourceTree = "<group>";
		};
		CEF8F0841B8A28A800259177 /* LaunchScreen.xib */ = {
			isa = PBXVariantGroup;
			children = (
				CEF8F0851B8A28A800259177 /* Base */,
			);
			name = LaunchScreen.xib;
			sourceTree = "<group>";
		};
/* End PBXVariantGroup section */

/* Begin XCBuildConfiguration section */
		CEF8F0931B8A28A800259177 /* Debug */ = {
			isa = XCBuildConfiguration;
			buildSettings = {
				ALWAYS_SEARCH_USER_PATHS = NO;
				CLANG_CXX_LANGUAGE_STANDARD = "gnu++0x";
				CLANG_CXX_LIBRARY = "libc++";
				CLANG_ENABLE_MODULES = YES;
				CLANG_ENABLE_OBJC_ARC = YES;
				CLANG_WARN_BOOL_CONVERSION = YES;
				CLANG_WARN_CONSTANT_CONVERSION = YES;
				CLANG_WARN_DIRECT_OBJC_ISA_USAGE = YES_ERROR;
				CLANG_WARN_EMPTY_BODY = YES;
				CLANG_WARN_ENUM_CONVERSION = YES;
				CLANG_WARN_INT_CONVERSION = YES;
				CLANG_WARN_OBJC_ROOT_CLASS = YES_ERROR;
				CLANG_WARN_UNREACHABLE_CODE = YES;
				CLANG_WARN__DUPLICATE_METHOD_MATCH = YES;
				"CODE_SIGN_IDENTITY[sdk=iphoneos*]" = "iPhone Developer";
				COPY_PHASE_STRIP = NO;
				DEBUG_INFORMATION_FORMAT = "dwarf-with-dsym";
				ENABLE_STRICT_OBJC_MSGSEND = YES;
				GCC_C_LANGUAGE_STANDARD = gnu99;
				GCC_DYNAMIC_NO_PIC = NO;
				GCC_NO_COMMON_BLOCKS = YES;
				GCC_OPTIMIZATION_LEVEL = 0;
				GCC_PREPROCESSOR_DEFINITIONS = (
					"DEBUG=1",
					"$(inherited)",
				);
				GCC_SYMBOLS_PRIVATE_EXTERN = NO;
				GCC_WARN_64_TO_32_BIT_CONVERSION = YES;
				GCC_WARN_ABOUT_RETURN_TYPE = YES_ERROR;
				GCC_WARN_UNDECLARED_SELECTOR = YES;
				GCC_WARN_UNINITIALIZED_AUTOS = YES_AGGRESSIVE;
				GCC_WARN_UNUSED_FUNCTION = YES;
				GCC_WARN_UNUSED_VARIABLE = YES;
				IPHONEOS_DEPLOYMENT_TARGET = 8.4;
				MTL_ENABLE_DEBUG_INFO = YES;
				ONLY_ACTIVE_ARCH = YES;
				SDKROOT = iphoneos;
				SWIFT_OPTIMIZATION_LEVEL = "-Onone";
				TARGETED_DEVICE_FAMILY = "1,2";
			};
			name = Debug;
		};
		CEF8F0941B8A28A800259177 /* Release */ = {
			isa = XCBuildConfiguration;
			buildSettings = {
				ALWAYS_SEARCH_USER_PATHS = NO;
				CLANG_CXX_LANGUAGE_STANDARD = "gnu++0x";
				CLANG_CXX_LIBRARY = "libc++";
				CLANG_ENABLE_MODULES = YES;
				CLANG_ENABLE_OBJC_ARC = YES;
				CLANG_WARN_BOOL_CONVERSION = YES;
				CLANG_WARN_CONSTANT_CONVERSION = YES;
				CLANG_WARN_DIRECT_OBJC_ISA_USAGE = YES_ERROR;
				CLANG_WARN_EMPTY_BODY = YES;
				CLANG_WARN_ENUM_CONVERSION = YES;
				CLANG_WARN_INT_CONVERSION = YES;
				CLANG_WARN_OBJC_ROOT_CLASS = YES_ERROR;
				CLANG_WARN_UNREACHABLE_CODE = YES;
				CLANG_WARN__DUPLICATE_METHOD_MATCH = YES;
				"CODE_SIGN_IDENTITY[sdk=iphoneos*]" = "iPhone Developer";
				COPY_PHASE_STRIP = NO;
				DEBUG_INFORMATION_FORMAT = "dwarf-with-dsym";
				ENABLE_NS_ASSERTIONS = NO;
				ENABLE_STRICT_OBJC_MSGSEND = YES;
				GCC_C_LANGUAGE_STANDARD = gnu99;
				GCC_NO_COMMON_BLOCKS = YES;
				GCC_WARN_64_TO_32_BIT_CONVERSION = YES;
				GCC_WARN_ABOUT_RETURN_TYPE = YES_ERROR;
				GCC_WARN_UNDECLARED_SELECTOR = YES;
				GCC_WARN_UNINITIALIZED_AUTOS = YES_AGGRESSIVE;
				GCC_WARN_UNUSED_FUNCTION = YES;
				GCC_WARN_UNUSED_VARIABLE = YES;
				IPHONEOS_DEPLOYMENT_TARGET = 8.4;
				MTL_ENABLE_DEBUG_INFO = NO;
				SDKROOT = iphoneos;
				TARGETED_DEVICE_FAMILY = "1,2";
				VALIDATE_PRODUCT = YES;
			};
			name = Release;
		};
		CEF8F0961B8A28A800259177 /* Debug */ = {
			isa = XCBuildConfiguration;
			buildSettings = {
				ASSETCATALOG_COMPILER_APPICON_NAME = AppIcon;
				FRAMEWORK_SEARCH_PATHS = (
					"$(inherited)",
					"$(PROJECT_DIR)",
				);
				INFOPLIST_FILE = ParseSample01/Info.plist;
				LD_RUNPATH_SEARCH_PATHS = "$(inherited) @executable_path/Frameworks";
				PRODUCT_NAME = "$(TARGET_NAME)";
			};
			name = Debug;
		};
		CEF8F0971B8A28A800259177 /* Release */ = {
			isa = XCBuildConfiguration;
			buildSettings = {
				ASSETCATALOG_COMPILER_APPICON_NAME = AppIcon;
				FRAMEWORK_SEARCH_PATHS = (
					"$(inherited)",
					"$(PROJECT_DIR)",
				);
				INFOPLIST_FILE = ParseSample01/Info.plist;
				LD_RUNPATH_SEARCH_PATHS = "$(inherited) @executable_path/Frameworks";
				PRODUCT_NAME = "$(TARGET_NAME)";
			};
			name = Release;
		};
		CEF8F0991B8A28A800259177 /* Debug */ = {
			isa = XCBuildConfiguration;
			buildSettings = {
				BUNDLE_LOADER = "$(TEST_HOST)";
				FRAMEWORK_SEARCH_PATHS = (
					"$(SDKROOT)/Developer/Library/Frameworks",
					"$(inherited)",
				);
				GCC_PREPROCESSOR_DEFINITIONS = (
					"DEBUG=1",
					"$(inherited)",
				);
				INFOPLIST_FILE = ParseSample01Tests/Info.plist;
				LD_RUNPATH_SEARCH_PATHS = "$(inherited) @executable_path/Frameworks @loader_path/Frameworks";
				PRODUCT_NAME = "$(TARGET_NAME)";
				TEST_HOST = "$(BUILT_PRODUCTS_DIR)/ParseSample01.app/ParseSample01";
			};
			name = Debug;
		};
		CEF8F09A1B8A28A800259177 /* Release */ = {
			isa = XCBuildConfiguration;
			buildSettings = {
				BUNDLE_LOADER = "$(TEST_HOST)";
				FRAMEWORK_SEARCH_PATHS = (
					"$(SDKROOT)/Developer/Library/Frameworks",
					"$(inherited)",
				);
				INFOPLIST_FILE = ParseSample01Tests/Info.plist;
				LD_RUNPATH_SEARCH_PATHS = "$(inherited) @executable_path/Frameworks @loader_path/Frameworks";
				PRODUCT_NAME = "$(TARGET_NAME)";
				TEST_HOST = "$(BUILT_PRODUCTS_DIR)/ParseSample01.app/ParseSample01";
			};
			name = Release;
		};
/* End XCBuildConfiguration section */

/* Begin XCConfigurationList section */
		CEF8F0711B8A28A700259177 /* Build configuration list for PBXProject "ParseSample01" */ = {
			isa = XCConfigurationList;
			buildConfigurations = (
				CEF8F0931B8A28A800259177 /* Debug */,
				CEF8F0941B8A28A800259177 /* Release */,
			);
			defaultConfigurationIsVisible = 0;
			defaultConfigurationName = Release;
		};
		CEF8F0951B8A28A800259177 /* Build configuration list for PBXNativeTarget "ParseSample01" */ = {
			isa = XCConfigurationList;
			buildConfigurations = (
				CEF8F0961B8A28A800259177 /* Debug */,
				CEF8F0971B8A28A800259177 /* Release */,
			);
			defaultConfigurationIsVisible = 0;
			defaultConfigurationName = Release;
		};
		CEF8F0981B8A28A800259177 /* Build configuration list for PBXNativeTarget "ParseSample01Tests" */ = {
			isa = XCConfigurationList;
			buildConfigurations = (
				CEF8F0991B8A28A800259177 /* Debug */,
				CEF8F09A1B8A28A800259177 /* Release */,
			);
			defaultConfigurationIsVisible = 0;
			defaultConfigurationName = Release;
		};
/* End XCConfigurationList section */
	};
	rootObject = CEF8F06E1B8A28A700259177 /* Project object */;
}
